<?xml version="1.0" encoding="utf-8"?>
<Project ToolsVersion="4.0" xmlns="http://schemas.microsoft.com/developer/msbuild/2003">
  <ItemGroup>
    <Filter Include="src">
      <UniqueIdentifier>{a1b543a5-c4b7-4cf1-8adf-c2f26cf59952}</UniqueIdentifier>
    </Filter>
    <Filter Include="src\core">
      <UniqueIdentifier>{33ae5c6a-718c-410e-bdb8-9c032f65c710}</UniqueIdentifier>
    </Filter>
    <Filter Include="src\ui">
      <UniqueIdentifier>{46d01869-81e6-496b-b2c1-aeeb13d6b983}</UniqueIdentifier>
    </Filter>
    <Filter Include="src\utils">
      <UniqueIdentifier>{7d2e1f3a-9b5c-4d8e-a1b2-c3d4e5f60718}</UniqueIdentifier>
    </Filter>
    <Filter Include="external\imgui">
      <UniqueIdentifier>{396e4dda-4fe2-4588-9756-a364a57aa8c1}</UniqueIdentifier>
    </Filter>
    <Filter Include="external\imgui\headers">
      <UniqueIdentifier>{ae0c99c9-78de-41f1-8c8d-e6eb860af833}</UniqueIdentifier>
    </Filter>
    <Filter Include="external\imgui\implementation">
      <UniqueIdentifier>{d46c4711-0bdc-484c-bb4c-5526d80f7f5e}</UniqueIdentifier>
    </Filter>
    <Filter Include="PCH">
      <UniqueIdentifier>{65407bae-1075-4bdd-9dfd-acc5a636ec02}</UniqueIdentifier>
    </Filter>
    <Filter Include="Resource">
      <UniqueIdentifier>{67DA6AB6-F800-4c08-8B7A-83BB121AAD01}</UniqueIdentifier>
      <Extensions>rc;ico;cur;bmp;dlg;rc2;rct;bin;rgs;gif;jpg;jpeg;jpe;resx;tiff;tif;png;wav;mfcribbon-ms</Extensions>
    </Filter>
  </ItemGroup>
  <ItemGroup>
    <!-- external\imgui implementation -->
    <ClCompile Include="external\imgui\imgui.cpp">
      <Filter>external\imgui\implementation</Filter>
    </ClCompile>
    <ClCompile Include="external\imgui\imgui_additions.cpp">
      <Filter>external\imgui\implementation</Filter>
    </ClCompile>
    <ClCompile Include="external\imgui\imgui_demo.cpp">
      <Filter>external\imgui\implementation</Filter>
    </ClCompile>
    <ClCompile Include="external\imgui\imgui_draw.cpp">
      <Filter>external\imgui\implementation</Filter>
    </ClCompile>
    <ClCompile Include="external\imgui\imgui_impl_dx11.cpp">
      <Filter>external\imgui\implementation</Filter>
    </ClCompile>
    <ClCompile Include="external\imgui\imgui_impl_win32.cpp">
      <Filter>external\imgui\implementation</Filter>
    </ClCompile>
    <ClCompile Include="external\imgui\imgui_rangeslider.cpp">
      <Filter>external\imgui\implementation</Filter>
    </ClCompile>
    <ClCompile Include="external\imgui\imgui_searchablecombo.cpp">
      <Filter>external\imgui\implementation</Filter>
    </ClCompile>
    <ClCompile Include="external\imgui\imgui_timeline.cpp">
      <Filter>external\imgui\implementation</Filter>
    </ClCompile>
    <ClCompile Include="external\imgui\imgui_widgets.cpp">
      <Filter>external\imgui\implementation</Filter>
    </ClCompile>
    <ClCompile Include="external\imgui\imguivariouscontrols.cpp">
      <Filter>external\imgui\implementation</Filter>
    </ClCompile>
    <ClCompile Include="external\imgui\imgui_stdlib.cpp">
      <Filter>external\imgui\implementation</Filter>
    </ClCompile>
    <!-- PCH -->
    <ClCompile Include="src\pch.cpp">
      <Filter>PCH</Filter>
    </ClCompile>
    <!-- src (Hub + DLL entry) -->
    <ClCompile Include="src\SuiteSpot.cpp">
      <Filter>src</Filter>
    </ClCompile>
    <ClCompile Include="src\Source.cpp">
      <Filter>src</Filter>
    </ClCompile>
    <!-- src\core -->
    <ClCompile Include="src\core\AutoLoadFeature.cpp">
      <Filter>src\core</Filter>
    </ClCompile>
    <ClCompile Include="src\core\LoadoutManager.cpp">
      <Filter>src\core</Filter>
    </ClCompile>
    <ClCompile Include="src\core\MapList.cpp">
      <Filter>src\core</Filter>
    </ClCompile>
    <ClCompile Include="src\core\MapManager.cpp">
      <Filter>src\core</Filter>
    </ClCompile>
    <ClCompile Include="src\core\PackUsageTracker.cpp">
      <Filter>src\core</Filter>
    </ClCompile>
    <ClCompile Include="src\core\SettingsSync.cpp">
      <Filter>src\core</Filter>
    </ClCompile>
    <ClCompile Include="src\core\TextureDownloader.cpp">
      <Filter>src\core</Filter>
    </ClCompile>
    <ClCompile Include="src\core\TrainingPackManager.cpp">
      <Filter>src\core</Filter>
    </ClCompile>
    <ClCompile Include="src\core\WorkshopDownloader.cpp">
      <Filter>src\core</Filter>
    </ClCompile>
    <!-- src\ui -->
    <ClCompile Include="src\ui\HelpersUI.cpp">
      <Filter>src\ui</Filter>
    </ClCompile>
    <ClCompile Include="src\ui\LoadoutUI.cpp">
      <Filter>src\ui</Filter>
    </ClCompile>
    <ClCompile Include="src\ui\SettingsUI.cpp">
      <Filter>src\ui</Filter>
    </ClCompile>
    <ClCompile Include="src\ui\StatusMessageUI.cpp">
      <Filter>src\ui</Filter>
    </ClCompile>
    <ClCompile Include="src\ui\TrainingPackUI.cpp">
      <Filter>src\ui</Filter>
    </ClCompile>
  </ItemGroup>
  <ItemGroup>
    <!-- external\imgui headers -->
    <ClInclude Include="external\imgui\imgui_rangeslider.h">
      <Filter>external\imgui\headers</Filter>
    </ClInclude>
    <ClInclude Include="external\imgui\imgui_searchablecombo.h">
      <Filter>external\imgui\headers</Filter>
    </ClInclude>
    <ClInclude Include="external\imgui\imgui_timeline.h">
      <Filter>external\imgui\headers</Filter>
    </ClInclude>
    <ClInclude Include="external\imgui\imguivariouscontrols.h">
      <Filter>external\imgui\headers</Filter>
    </ClInclude>
    <ClInclude Include="external\imgui\imstb_rectpack.h">
      <Filter>external\imgui\headers</Filter>
    </ClInclude>
    <ClInclude Include="external\imgui\imstb_textedit.h">
      <Filter>external\imgui\headers</Filter>
    </ClInclude>
    <ClInclude Include="external\imgui\imstb_truetype.h">
      <Filter>external\imgui\headers</Filter>
    </ClInclude>
    <ClInclude Include="external\imgui\imconfig.h">
      <Filter>external\imgui\headers</Filter>
    </ClInclude>
    <ClInclude Include="external\imgui\imgui.h">
      <Filter>external\imgui\headers</Filter>
    </ClInclude>
    <ClInclude Include="external\imgui\imgui_additions.h">
      <Filter>external\imgui\headers</Filter>
    </ClInclude>
    <ClInclude Include="external\imgui\imgui_impl_dx11.h">
      <Filter>external\imgui\headers</Filter>
    </ClInclude>
    <ClInclude Include="external\imgui\imgui_impl_win32.h">
      <Filter>external\imgui\headers</Filter>
    </ClInclude>
    <ClInclude Include="external\imgui\imgui_internal.h">
      <Filter>external\imgui\headers</Filter>
    </ClInclude>
    <ClInclude Include="external\imgui\imgui_stdlib.h">
      <Filter>external\imgui\headers</Filter>
    </ClInclude>
    <!-- PCH -->
    <ClInclude Include="src\pch.h">
      <Filter>PCH</Filter>
    </ClInclude>
    <!-- src headers -->
    <ClInclude Include="src\version.h">
      <Filter>src</Filter>
    </ClInclude>
    <ClInclude Include="src\SuiteSpot.h">
      <Filter>src</Filter>
    </ClInclude>
    <!-- src\core headers -->
    <ClInclude Include="src\core\AutoLoadFeature.h">
      <Filter>src\core</Filter>
    </ClInclude>
    <ClInclude Include="src\core\DefaultPacks.h">
      <Filter>src\core</Filter>
    </ClInclude>
    <ClInclude Include="src\core\EmbeddedPackGrabber.h">
      <Filter>src\core</Filter>
    </ClInclude>
    <ClInclude Include="src\core\LoadoutManager.h">
      <Filter>src\core</Filter>
    </ClInclude>
    <ClInclude Include="src\core\MapList.h">
      <Filter>src\core</Filter>
    </ClInclude>
    <ClInclude Include="src\core\MapManager.h">
      <Filter>src\core</Filter>
    </ClInclude>
    <ClInclude Include="src\core\PackUsageTracker.h">
      <Filter>src\core</Filter>
    </ClInclude>
    <ClInclude Include="src\core\SettingsSync.h">
      <Filter>src\core</Filter>
    </ClInclude>
    <ClInclude Include="src\core\TextureDownloader.h">
      <Filter>src\core</Filter>
    </ClInclude>
    <ClInclude Include="src\core\TrainingPackManager.h">
      <Filter>src\core</Filter>
    </ClInclude>
    <ClInclude Include="src\core\WorkshopDownloader.h">
      <Filter>src\core</Filter>
    </ClInclude>
    <!-- src\ui headers -->
    <ClInclude Include="src\ui\ConstantsUI.h">
      <Filter>src\ui</Filter>
    </ClInclude>
    <ClInclude Include="src\ui\HelpersUI.h">
      <Filter>src\ui</Filter>
    </ClInclude>
    <ClInclude Include="src\ui\LoadoutUI.h">
      <Filter>src\ui</Filter>
    </ClInclude>
    <ClInclude Include="src\ui\SettingsUI.h">
      <Filter>src\ui</Filter>
    </ClInclude>
    <ClInclude Include="src\ui\StatusMessageUI.h">
      <Filter>src\ui</Filter>
    </ClInclude>
    <ClInclude Include="src\ui\SuiteSpotIcons.h">
      <Filter>src\ui</Filter>
    </ClInclude>
    <ClInclude Include="src\ui\TrainingPackUI.h">
      <Filter>src\ui</Filter>
    </ClInclude>
    <!-- src\utils headers -->
    <ClInclude Include="src\utils\logging.h">
      <Filter>src\utils</Filter>
    </ClInclude>
    <ClInclude Include="src\utils\ProcessUtils.h">
      <Filter>src\utils</Filter>
    </ClInclude>
  </ItemGroup>
  <ItemGroup>
    <ResourceCompile Include="resources\win32\SuiteSpot.rc">
      <Filter>Resource</Filter>
    </ResourceCompile>
  </ItemGroup>
</Project>
